
Microsoft Visual Studio Solution File, Format Version 12.00
# Visual Studio Version 17
VisualStudioVersion = 17.10.35027.167
MinimumVisualStudioVersion = 10.0.40219.1
Project("{9A19103F-16F7-4668-BE54-9A1E7A4F7556}") = "OnParmakProgram", "OnParmakProgram\OnParmakProgram.csproj", "{AD1C9E9B-7080-4686-8C0C-DF48D5A5F859}"
EndProject
Project("{54435603-DBB4-11D2-8724-00A0C9A8B90C}") = "Setup1", "Setup1\Setup1.vdproj", "{A2F576AE-E7F1-4FF8-BDC3-ECA1E4816BE6}"
EndProject
Global
	GlobalSection(SolutionConfigurationPlatforms) = preSolution
		Debug|Any CPU = Debug|Any CPU
		Release|Any CPU = Release|Any CPU
	EndGlobalSection
	GlobalSection(ProjectConfigurationPlatforms) = postSolution
		{AD1C9E9B-7080-4686-8C0C-DF48D5A5F859}.Debug|Any CPU.ActiveCfg = Debug|Any CPU
		{AD1C9E9B-7080-4686-8C0C-DF48D5A5F859}.Debug|Any CPU.Build.0 = Debug|Any CPU
		{AD1C9E9B-7080-4686-8C0C-DF48D5A5F859}.Release|Any CPU.ActiveCfg = Release|Any CPU
		{AD1C9E9B-7080-4686-8C0C-DF48D5A5F859}.Release|Any CPU.Build.0 = Release|Any CPU
		{A2F576AE-E7F1-4FF8-BDC3-ECA1E4816BE6}.Debug|Any CPU.ActiveCfg = Debug
		{A2F576AE-E7F1-4FF8-BDC3-ECA1E4816BE6}.Release|Any CPU.ActiveCfg = Release
	EndGlobalSection
	GlobalSection(SolutionProperties) = preSolution
		HideSolutionNode = FALSE
	EndGlobalSection
	GlobalSection(ExtensibilityGlobals) = postSolution
		SolutionGuid = {7A7D389F-28DE-4437-9830-2496123ABBBF}
	EndGlobalSection
EndGlobal
